{
  "lockfile-version": 1,
  "manifest": {
    "version": 1,
    "install": {
      "nodejs": {
        "pkg-path": "nodejs"
      },
      "pnpm": {
        "pkg-path": "pnpm"
      },
      "postgresql": {
        "pkg-path": "postgresql"
      }
    },
    "hook": {},
    "profile": {},
    "options": {
      "systems": [
        "aarch64-darwin",
        "aarch64-linux",
        "x86_64-darwin",
        "x86_64-linux"
      ],
      "allow": {
        "licenses": []
      },
      "semver": {}
    }
  },
  "packages": [
    {
      "attr_path": "nodejs",
      "broken": false,
      "derivation": "/nix/store/0awxmh2gnklcbkn7y79znyj1jbwj97s4-nodejs-22.11.0.drv",
      "description": "Event-driven I/O framework for the V8 JavaScript engine",
      "install_id": "nodejs",
      "license": "MIT",
      "locked_url": "https://github.com/flox/nixpkgs?rev=5df43628fdf08d642be8ba5b3625a6c70731c19c",
      "name": "nodejs-22.11.0",
      "pname": "nodejs",
      "rev": "5df43628fdf08d642be8ba5b3625a6c70731c19c",
      "rev_count": 738982,
      "rev_date": "2025-01-16T21:27:11Z",
      "scrape_date": "2025-01-18T00:14:56Z",
      "stabilities": [
        "unstable"
      ],
      "unfree": false,
      "version": "22.11.0",
      "outputs_to_install": [
        "out"
      ],
      "outputs": {
        "libv8": "/nix/store/m3rxxwm6jp95kjmh4rklqn0d76biz6wm-nodejs-22.11.0-libv8",
        "out": "/nix/store/9vkabbbbyfn8hv5l1r8fm59d27imq460-nodejs-22.11.0"
      },
      "system": "aarch64-darwin",
      "group": "toplevel",
      "priority": 5
    },
    {
      "attr_path": "nodejs",
      "broken": false,
      "derivation": "/nix/store/j5x3l2jg2rbaadr226bds3v4hbxplh4d-nodejs-22.11.0.drv",
      "description": "Event-driven I/O framework for the V8 JavaScript engine",
      "install_id": "nodejs",
      "license": "MIT",
      "locked_url": "https://github.com/flox/nixpkgs?rev=5df43628fdf08d642be8ba5b3625a6c70731c19c",
      "name": "nodejs-22.11.0",
      "pname": "nodejs",
      "rev": "5df43628fdf08d642be8ba5b3625a6c70731c19c",
      "rev_count": 738982,
      "rev_date": "2025-01-16T21:27:11Z",
      "scrape_date": "2025-01-18T00:14:56Z",
      "stabilities": [
        "unstable"
      ],
      "unfree": false,
      "version": "22.11.0",
      "outputs_to_install": [
        "out"
      ],
      "outputs": {
        "libv8": "/nix/store/0xiwppqyszilzy9cg71c26fxg5qcxh89-nodejs-22.11.0-libv8",
        "out": "/nix/store/z2lznj5fq0wagkhj7nkgmb5yr4gyv0ws-nodejs-22.11.0"
      },
      "system": "aarch64-linux",
      "group": "toplevel",
      "priority": 5
    },
    {
      "attr_path": "nodejs",
      "broken": false,
      "derivation": "/nix/store/mzj668n7kjkcb85n62g1kfpjpmx4ad98-nodejs-22.11.0.drv",
      "description": "Event-driven I/O framework for the V8 JavaScript engine",
      "install_id": "nodejs",
      "license": "MIT",
      "locked_url": "https://github.com/flox/nixpkgs?rev=5df43628fdf08d642be8ba5b3625a6c70731c19c",
      "name": "nodejs-22.11.0",
      "pname": "nodejs",
      "rev": "5df43628fdf08d642be8ba5b3625a6c70731c19c",
      "rev_count": 738982,
      "rev_date": "2025-01-16T21:27:11Z",
      "scrape_date": "2025-01-18T00:14:56Z",
      "stabilities": [
        "unstable"
      ],
      "unfree": false,
      "version": "22.11.0",
      "outputs_to_install": [
        "out"
      ],
      "outputs": {
        "libv8": "/nix/store/mm87n14lp5akdjlfwh1yg4l93zm8gv9h-nodejs-22.11.0-libv8",
        "out": "/nix/store/s81s2z275wnjazk4ij3zvn6kslfa5ipf-nodejs-22.11.0"
      },
      "system": "x86_64-darwin",
      "group": "toplevel",
      "priority": 5
    },
    {
      "attr_path": "nodejs",
      "broken": false,
      "derivation": "/nix/store/dy56ll2a0b7gg40jl8fzv759yqcalnwh-nodejs-22.11.0.drv",
      "description": "Event-driven I/O framework for the V8 JavaScript engine",
      "install_id": "nodejs",
      "license": "MIT",
      "locked_url": "https://github.com/flox/nixpkgs?rev=5df43628fdf08d642be8ba5b3625a6c70731c19c",
      "name": "nodejs-22.11.0",
      "pname": "nodejs",
      "rev": "5df43628fdf08d642be8ba5b3625a6c70731c19c",
      "rev_count": 738982,
      "rev_date": "2025-01-16T21:27:11Z",
      "scrape_date": "2025-01-18T00:14:56Z",
      "stabilities": [
        "unstable"
      ],
      "unfree": false,
      "version": "22.11.0",
      "outputs_to_install": [
        "out"
      ],
      "outputs": {
        "libv8": "/nix/store/fyaac3q8qn3zfxy72airfabm3dakmgf5-nodejs-22.11.0-libv8",
        "out": "/nix/store/fkyp1bm5gll9adnfcj92snyym524mdrj-nodejs-22.11.0"
      },
      "system": "x86_64-linux",
      "group": "toplevel",
      "priority": 5
    },
    {
      "attr_path": "pnpm",
      "broken": false,
      "derivation": "/nix/store/l08bic36jyh6jb78m9yar0hm2qai08wy-pnpm-10.0.0.drv",
      "description": "Fast, disk space efficient package manager for JavaScript",
      "install_id": "pnpm",
      "license": "MIT",
      "locked_url": "https://github.com/flox/nixpkgs?rev=5df43628fdf08d642be8ba5b3625a6c70731c19c",
      "name": "pnpm-10.0.0",
      "pname": "pnpm",
      "rev": "5df43628fdf08d642be8ba5b3625a6c70731c19c",
      "rev_count": 738982,
      "rev_date": "2025-01-16T21:27:11Z",
      "scrape_date": "2025-01-18T00:14:56Z",
      "stabilities": [
        "unstable"
      ],
      "unfree": false,
      "version": "10.0.0",
      "outputs_to_install": [
        "out"
      ],
      "outputs": {
        "out": "/nix/store/vrnzrwyfr7q40zm4s8ayyx9cvh8iv9dn-pnpm-10.0.0"
      },
      "system": "aarch64-darwin",
      "group": "toplevel",
      "priority": 5
    },
    {
      "attr_path": "pnpm",
      "broken": false,
      "derivation": "/nix/store/0i87cmdnhqzhjcv1vra5kdb62x3fx6m6-pnpm-10.0.0.drv",
      "description": "Fast, disk space efficient package manager for JavaScript",
      "install_id": "pnpm",
      "license": "MIT",
      "locked_url": "https://github.com/flox/nixpkgs?rev=5df43628fdf08d642be8ba5b3625a6c70731c19c",
      "name": "pnpm-10.0.0",
      "pname": "pnpm",
      "rev": "5df43628fdf08d642be8ba5b3625a6c70731c19c",
      "rev_count": 738982,
      "rev_date": "2025-01-16T21:27:11Z",
      "scrape_date": "2025-01-18T00:14:56Z",
      "stabilities": [
        "unstable"
      ],
      "unfree": false,
      "version": "10.0.0",
      "outputs_to_install": [
        "out"
      ],
      "outputs": {
        "out": "/nix/store/c1dca6ldln45sfpj3zqwdcjyls5q1grr-pnpm-10.0.0"
      },
      "system": "aarch64-linux",
      "group": "toplevel",
      "priority": 5
    },
    {
      "attr_path": "pnpm",
      "broken": false,
      "derivation": "/nix/store/lql3l9q9n7whzkh3ac3jawjh7srhv86j-pnpm-10.0.0.drv",
      "description": "Fast, disk space efficient package manager for JavaScript",
      "install_id": "pnpm",
      "license": "MIT",
      "locked_url": "https://github.com/flox/nixpkgs?rev=5df43628fdf08d642be8ba5b3625a6c70731c19c",
      "name": "pnpm-10.0.0",
      "pname": "pnpm",
      "rev": "5df43628fdf08d642be8ba5b3625a6c70731c19c",
      "rev_count": 738982,
      "rev_date": "2025-01-16T21:27:11Z",
      "scrape_date": "2025-01-18T00:14:56Z",
      "stabilities": [
        "unstable"
      ],
      "unfree": false,
      "version": "10.0.0",
      "outputs_to_install": [
        "out"
      ],
      "outputs": {
        "out": "/nix/store/vfls5g5j21g8m0jq00wfxidxqrrry0ps-pnpm-10.0.0"
      },
      "system": "x86_64-darwin",
      "group": "toplevel",
      "priority": 5
    },
    {
      "attr_path": "pnpm",
      "broken": false,
      "derivation": "/nix/store/i9mp6mxlbhl1iifj1dd2kv3bdi936070-pnpm-10.0.0.drv",
      "description": "Fast, disk space efficient package manager for JavaScript",
      "install_id": "pnpm",
      "license": "MIT",
      "locked_url": "https://github.com/flox/nixpkgs?rev=5df43628fdf08d642be8ba5b3625a6c70731c19c",
      "name": "pnpm-10.0.0",
      "pname": "pnpm",
      "rev": "5df43628fdf08d642be8ba5b3625a6c70731c19c",
      "rev_count": 738982,
      "rev_date": "2025-01-16T21:27:11Z",
      "scrape_date": "2025-01-18T00:14:56Z",
      "stabilities": [
        "unstable"
      ],
      "unfree": false,
      "version": "10.0.0",
      "outputs_to_install": [
        "out"
      ],
      "outputs": {
        "out": "/nix/store/k63z80s6a3d8l9sr4mrrzsxwysqh308c-pnpm-10.0.0"
      },
      "system": "x86_64-linux",
      "group": "toplevel",
      "priority": 5
    },
    {
      "attr_path": "postgresql",
      "broken": false,
      "derivation": "/nix/store/szx7mj3ib9glmmldqmcjxz4lznnrnsgs-postgresql-17.2.drv",
      "description": "Powerful, open source object-relational database system",
      "install_id": "postgresql",
      "license": "PostgreSQL",
      "locked_url": "https://github.com/flox/nixpkgs?rev=5df43628fdf08d642be8ba5b3625a6c70731c19c",
      "name": "postgresql-17.2",
      "pname": "postgresql",
      "rev": "5df43628fdf08d642be8ba5b3625a6c70731c19c",
      "rev_count": 738982,
      "rev_date": "2025-01-16T21:27:11Z",
      "scrape_date": "2025-01-18T00:14:56Z",
      "stabilities": [
        "unstable"
      ],
      "unfree": false,
      "version": "17.2",
      "outputs_to_install": [
        "out",
        "man"
      ],
      "outputs": {
        "dev": "/nix/store/982g7jv3065rjvk6plcwcxm1jrxjgdaf-postgresql-17.2-dev",
        "doc": "/nix/store/ndqa5jqp082mxlbrhgn2wqrcg5x5msa4-postgresql-17.2-doc",
        "lib": "/nix/store/5i1p7h4fc5j6h854x3jq8dmnwbv3c19f-postgresql-17.2-lib",
        "man": "/nix/store/w9yv6qlgh7w8ix079v7l3ddy3xd879lj-postgresql-17.2-man",
        "out": "/nix/store/ljl6i1dmmkp44qb1a1b7g4dr5wnhr2sx-postgresql-17.2"
      },
      "system": "aarch64-darwin",
      "group": "toplevel",
      "priority": 5
    },
    {
      "attr_path": "postgresql",
      "broken": false,
      "derivation": "/nix/store/r8zzyd807zmspnx6ylxkglwhz3d6x1m1-postgresql-17.2.drv",
      "description": "Powerful, open source object-relational database system",
      "install_id": "postgresql",
      "license": "PostgreSQL",
      "locked_url": "https://github.com/flox/nixpkgs?rev=5df43628fdf08d642be8ba5b3625a6c70731c19c",
      "name": "postgresql-17.2",
      "pname": "postgresql",
      "rev": "5df43628fdf08d642be8ba5b3625a6c70731c19c",
      "rev_count": 738982,
      "rev_date": "2025-01-16T21:27:11Z",
      "scrape_date": "2025-01-18T00:14:56Z",
      "stabilities": [
        "unstable"
      ],
      "unfree": false,
      "version": "17.2",
      "outputs_to_install": [
        "out",
        "man"
      ],
      "outputs": {
        "debug": "/nix/store/clrzx5ajr1l8848nz09v7x3vwzfyh3gp-postgresql-17.2-debug",
        "dev": "/nix/store/k2aqfr1vpgvjjax578ipvaprs026y2d9-postgresql-17.2-dev",
        "doc": "/nix/store/r76abviddjni83gv3dhrkglwmkkabjxg-postgresql-17.2-doc",
        "lib": "/nix/store/mj0lg3bd9pszmwzhhnia6l2j39qvfagd-postgresql-17.2-lib",
        "man": "/nix/store/7mpjw0dlrf0ha315vw4sy760f79sg10m-postgresql-17.2-man",
        "out": "/nix/store/gprzidv36rfzwb4g8q2w19fsdzr78b83-postgresql-17.2"
      },
      "system": "aarch64-linux",
      "group": "toplevel",
      "priority": 5
    },
    {
      "attr_path": "postgresql",
      "broken": false,
      "derivation": "/nix/store/jjmfzl7wd7l6hqvhlmns0xaz3x8ifw23-postgresql-17.2.drv",
      "description": "Powerful, open source object-relational database system",
      "install_id": "postgresql",
      "license": "PostgreSQL",
      "locked_url": "https://github.com/flox/nixpkgs?rev=5df43628fdf08d642be8ba5b3625a6c70731c19c",
      "name": "postgresql-17.2",
      "pname": "postgresql",
      "rev": "5df43628fdf08d642be8ba5b3625a6c70731c19c",
      "rev_count": 738982,
      "rev_date": "2025-01-16T21:27:11Z",
      "scrape_date": "2025-01-18T00:14:56Z",
      "stabilities": [
        "unstable"
      ],
      "unfree": false,
      "version": "17.2",
      "outputs_to_install": [
        "out",
        "man"
      ],
      "outputs": {
        "dev": "/nix/store/67mab9i8dkcb76np562ykvk289nxwksv-postgresql-17.2-dev",
        "doc": "/nix/store/1irjvyczqz98ghg4l7dh6z49ipp8vba7-postgresql-17.2-doc",
        "lib": "/nix/store/svbkrs1mz2cflpi7yx9kkzjp2i85y76w-postgresql-17.2-lib",
        "man": "/nix/store/43zb3d9l0775gjhiand9i0p5p2m0mk7r-postgresql-17.2-man",
        "out": "/nix/store/dxls04s2pf3bi155l5mgwivyj13h6w7p-postgresql-17.2"
      },
      "system": "x86_64-darwin",
      "group": "toplevel",
      "priority": 5
    },
    {
      "attr_path": "postgresql",
      "broken": false,
      "derivation": "/nix/store/r716h17qyzcvnyrh2q4pbqy42kiqp8f9-postgresql-17.2.drv",
      "description": "Powerful, open source object-relational database system",
      "install_id": "postgresql",
      "license": "PostgreSQL",
      "locked_url": "https://github.com/flox/nixpkgs?rev=5df43628fdf08d642be8ba5b3625a6c70731c19c",
      "name": "postgresql-17.2",
      "pname": "postgresql",
      "rev": "5df43628fdf08d642be8ba5b3625a6c70731c19c",
      "rev_count": 738982,
      "rev_date": "2025-01-16T21:27:11Z",
      "scrape_date": "2025-01-18T00:14:56Z",
      "stabilities": [
        "unstable"
      ],
      "unfree": false,
      "version": "17.2",
      "outputs_to_install": [
        "out",
        "man"
      ],
      "outputs": {
        "debug": "/nix/store/xh5g0mj7i96bza6r9kn33208xdvgn5ah-postgresql-17.2-debug",
        "dev": "/nix/store/xjdsnglgmz2fc7ggkbysds46z6w07fm6-postgresql-17.2-dev",
        "doc": "/nix/store/87jwb6bi9jw4csbcdlynb2jsdm7cgmla-postgresql-17.2-doc",
        "lib": "/nix/store/i2xb3v7r753g1pbrs0x7njvzbqiz4vvf-postgresql-17.2-lib",
        "man": "/nix/store/dqhdi6x88l1pwi85410y8iyz6i5vg54f-postgresql-17.2-man",
        "out": "/nix/store/qbvhia9qcd95pvb1zm1cra153lw20l1c-postgresql-17.2"
      },
      "system": "x86_64-linux",
      "group": "toplevel",
      "priority": 5
    }
  ]
}