{
  "lockfile-version": 1,
  "manifest": {
    "version": 1,
    "install": {
      "nodejs": {
        "pkg-path": "nodejs"
      },
      "pnpm": {
        "pkg-path": "pnpm"
      }
    },
    "hook": {},
    "profile": {},
    "options": {
      "systems": [
        "aarch64-darwin",
        "aarch64-linux",
        "x86_64-darwin",
        "x86_64-linux"
      ],
      "allow": {
        "licenses": []
      },
      "semver": {}
    }
  },
  "packages": [
    {
      "attr_path": "nodejs",
      "broken": false,
      "derivation": "/nix/store/zh4vzz8z4g7k2p0iqpi8dfz6kgpxkgb1-nodejs-22.11.0.drv",
      "description": "Event-driven I/O framework for the V8 JavaScript engine",
      "install_id": "nodejs",
      "license": "MIT",
      "locked_url": "https://github.com/flox/nixpkgs?rev=8f3e1f807051e32d8c95cd12b9b421623850a34d",
      "name": "nodejs-22.11.0",
      "pname": "nodejs",
      "rev": "8f3e1f807051e32d8c95cd12b9b421623850a34d",
      "rev_count": 733374,
      "rev_date": "2025-01-04T17:41:09Z",
      "scrape_date": "2025-01-06T21:17:53Z",
      "stabilities": [
        "staging",
        "unstable"
      ],
      "unfree": false,
      "version": "22.11.0",
      "outputs_to_install": [
        "out"
      ],
      "outputs": {
        "libv8": "/nix/store/m3rxxwm6jp95kjmh4rklqn0d76biz6wm-nodejs-22.11.0-libv8",
        "out": "/nix/store/9vkabbbbyfn8hv5l1r8fm59d27imq460-nodejs-22.11.0"
      },
      "system": "aarch64-darwin",
      "group": "toplevel",
      "priority": 5
    },
    {
      "attr_path": "nodejs",
      "broken": false,
      "derivation": "/nix/store/q23y2j34i9ydidrllrm4gj857hqhvda1-nodejs-22.11.0.drv",
      "description": "Event-driven I/O framework for the V8 JavaScript engine",
      "install_id": "nodejs",
      "license": "MIT",
      "locked_url": "https://github.com/flox/nixpkgs?rev=8f3e1f807051e32d8c95cd12b9b421623850a34d",
      "name": "nodejs-22.11.0",
      "pname": "nodejs",
      "rev": "8f3e1f807051e32d8c95cd12b9b421623850a34d",
      "rev_count": 733374,
      "rev_date": "2025-01-04T17:41:09Z",
      "scrape_date": "2025-01-06T21:17:53Z",
      "stabilities": [
        "staging",
        "unstable"
      ],
      "unfree": false,
      "version": "22.11.0",
      "outputs_to_install": [
        "out"
      ],
      "outputs": {
        "libv8": "/nix/store/0xiwppqyszilzy9cg71c26fxg5qcxh89-nodejs-22.11.0-libv8",
        "out": "/nix/store/z2lznj5fq0wagkhj7nkgmb5yr4gyv0ws-nodejs-22.11.0"
      },
      "system": "aarch64-linux",
      "group": "toplevel",
      "priority": 5
    },
    {
      "attr_path": "nodejs",
      "broken": false,
      "derivation": "/nix/store/vzxxfv1f1i83bnjib0q144v5gndhci33-nodejs-22.11.0.drv",
      "description": "Event-driven I/O framework for the V8 JavaScript engine",
      "install_id": "nodejs",
      "license": "MIT",
      "locked_url": "https://github.com/flox/nixpkgs?rev=8f3e1f807051e32d8c95cd12b9b421623850a34d",
      "name": "nodejs-22.11.0",
      "pname": "nodejs",
      "rev": "8f3e1f807051e32d8c95cd12b9b421623850a34d",
      "rev_count": 733374,
      "rev_date": "2025-01-04T17:41:09Z",
      "scrape_date": "2025-01-06T21:17:53Z",
      "stabilities": [
        "staging",
        "unstable"
      ],
      "unfree": false,
      "version": "22.11.0",
      "outputs_to_install": [
        "out"
      ],
      "outputs": {
        "libv8": "/nix/store/mm87n14lp5akdjlfwh1yg4l93zm8gv9h-nodejs-22.11.0-libv8",
        "out": "/nix/store/s81s2z275wnjazk4ij3zvn6kslfa5ipf-nodejs-22.11.0"
      },
      "system": "x86_64-darwin",
      "group": "toplevel",
      "priority": 5
    },
    {
      "attr_path": "nodejs",
      "broken": false,
      "derivation": "/nix/store/542jkp10xz0nd5657bqksqwhhvjcmi9n-nodejs-22.11.0.drv",
      "description": "Event-driven I/O framework for the V8 JavaScript engine",
      "install_id": "nodejs",
      "license": "MIT",
      "locked_url": "https://github.com/flox/nixpkgs?rev=8f3e1f807051e32d8c95cd12b9b421623850a34d",
      "name": "nodejs-22.11.0",
      "pname": "nodejs",
      "rev": "8f3e1f807051e32d8c95cd12b9b421623850a34d",
      "rev_count": 733374,
      "rev_date": "2025-01-04T17:41:09Z",
      "scrape_date": "2025-01-06T21:17:53Z",
      "stabilities": [
        "staging",
        "unstable"
      ],
      "unfree": false,
      "version": "22.11.0",
      "outputs_to_install": [
        "out"
      ],
      "outputs": {
        "libv8": "/nix/store/fyaac3q8qn3zfxy72airfabm3dakmgf5-nodejs-22.11.0-libv8",
        "out": "/nix/store/fkyp1bm5gll9adnfcj92snyym524mdrj-nodejs-22.11.0"
      },
      "system": "x86_64-linux",
      "group": "toplevel",
      "priority": 5
    },
    {
      "attr_path": "pnpm",
      "broken": false,
      "derivation": "/nix/store/nsx6lw1lywgzfgndklipyvp3lvz55wd6-pnpm-9.15.2.drv",
      "description": "Fast, disk space efficient package manager for JavaScript",
      "install_id": "pnpm",
      "license": "MIT",
      "locked_url": "https://github.com/flox/nixpkgs?rev=8f3e1f807051e32d8c95cd12b9b421623850a34d",
      "name": "pnpm-9.15.2",
      "pname": "pnpm",
      "rev": "8f3e1f807051e32d8c95cd12b9b421623850a34d",
      "rev_count": 733374,
      "rev_date": "2025-01-04T17:41:09Z",
      "scrape_date": "2025-01-06T21:17:53Z",
      "stabilities": [
        "staging",
        "unstable"
      ],
      "unfree": false,
      "version": "9.15.2",
      "outputs_to_install": [
        "out"
      ],
      "outputs": {
        "out": "/nix/store/1zf44gijyhydwf3h5bb73ksma9kbra17-pnpm-9.15.2"
      },
      "system": "aarch64-darwin",
      "group": "toplevel",
      "priority": 5
    },
    {
      "attr_path": "pnpm",
      "broken": false,
      "derivation": "/nix/store/ghdcbbsi4m24r26j0bz4v43isfyah554-pnpm-9.15.2.drv",
      "description": "Fast, disk space efficient package manager for JavaScript",
      "install_id": "pnpm",
      "license": "MIT",
      "locked_url": "https://github.com/flox/nixpkgs?rev=8f3e1f807051e32d8c95cd12b9b421623850a34d",
      "name": "pnpm-9.15.2",
      "pname": "pnpm",
      "rev": "8f3e1f807051e32d8c95cd12b9b421623850a34d",
      "rev_count": 733374,
      "rev_date": "2025-01-04T17:41:09Z",
      "scrape_date": "2025-01-06T21:17:53Z",
      "stabilities": [
        "staging",
        "unstable"
      ],
      "unfree": false,
      "version": "9.15.2",
      "outputs_to_install": [
        "out"
      ],
      "outputs": {
        "out": "/nix/store/f67sv0mxhj68f82x3xq0sqhqvgvcgpzi-pnpm-9.15.2"
      },
      "system": "aarch64-linux",
      "group": "toplevel",
      "priority": 5
    },
    {
      "attr_path": "pnpm",
      "broken": false,
      "derivation": "/nix/store/0v6yk3cqi8jf2d74w1ngk99mf54wpbgv-pnpm-9.15.2.drv",
      "description": "Fast, disk space efficient package manager for JavaScript",
      "install_id": "pnpm",
      "license": "MIT",
      "locked_url": "https://github.com/flox/nixpkgs?rev=8f3e1f807051e32d8c95cd12b9b421623850a34d",
      "name": "pnpm-9.15.2",
      "pname": "pnpm",
      "rev": "8f3e1f807051e32d8c95cd12b9b421623850a34d",
      "rev_count": 733374,
      "rev_date": "2025-01-04T17:41:09Z",
      "scrape_date": "2025-01-06T21:17:53Z",
      "stabilities": [
        "staging",
        "unstable"
      ],
      "unfree": false,
      "version": "9.15.2",
      "outputs_to_install": [
        "out"
      ],
      "outputs": {
        "out": "/nix/store/yn15jif4fxf412ivqb1v7vs608h4ajzr-pnpm-9.15.2"
      },
      "system": "x86_64-darwin",
      "group": "toplevel",
      "priority": 5
    },
    {
      "attr_path": "pnpm",
      "broken": false,
      "derivation": "/nix/store/q9al91f1l3g8j0pdrcpxzvkfc42k6p44-pnpm-9.15.2.drv",
      "description": "Fast, disk space efficient package manager for JavaScript",
      "install_id": "pnpm",
      "license": "MIT",
      "locked_url": "https://github.com/flox/nixpkgs?rev=8f3e1f807051e32d8c95cd12b9b421623850a34d",
      "name": "pnpm-9.15.2",
      "pname": "pnpm",
      "rev": "8f3e1f807051e32d8c95cd12b9b421623850a34d",
      "rev_count": 733374,
      "rev_date": "2025-01-04T17:41:09Z",
      "scrape_date": "2025-01-06T21:17:53Z",
      "stabilities": [
        "staging",
        "unstable"
      ],
      "unfree": false,
      "version": "9.15.2",
      "outputs_to_install": [
        "out"
      ],
      "outputs": {
        "out": "/nix/store/8hd8pqjprqniahibmn6mrczfhb9b25ij-pnpm-9.15.2"
      },
      "system": "x86_64-linux",
      "group": "toplevel",
      "priority": 5
    }
  ]
}